
Microsoft Visual Studio Solution File, Format Version 12.00
# Visual Studio Version 16
VisualStudioVersion = 25.0.1706.3
MinimumVisualStudioVersion = 10.0.40219.1
Project("{FAE04EC0-301F-11D3-BF4B-00C04F79EFBC}") = "ExpenseTracker", "ExpenseTracker\ExpenseTracker.csproj", "{668FA448-D321-4D06-B209-4D60A0F6A20F}"
EndProject
Project("{FAE04EC0-301F-11D3-BF4B-00C04F79EFBC}") = "UnitTests", "UnitTests\UnitTests.csproj", "{A04BDB59-58E5-49E5-9C77-1B8853588B4B}"
EndProject
Global
	GlobalSection(SolutionConfigurationPlatforms) = preSolution
		Debug|Any CPU = Debug|Any CPU
		Release|Any CPU = Release|Any CPU
	EndGlobalSection
	GlobalSection(ProjectConfigurationPlatforms) = postSolution
		{668FA448-D321-4D06-B209-4D60A0F6A20F}.Debug|Any CPU.ActiveCfg = Debug|Any CPU
		{668FA448-D321-4D06-B209-4D60A0F6A20F}.Debug|Any CPU.Build.0 = Debug|Any CPU
		{668FA448-D321-4D06-B209-4D60A0F6A20F}.Release|Any CPU.ActiveCfg = Release|Any CPU
		{668FA448-D321-4D06-B209-4D60A0F6A20F}.Release|Any CPU.Build.0 = Release|Any CPU
		{A04BDB59-58E5-49E5-9C77-1B8853588B4B}.Debug|Any CPU.ActiveCfg = Debug|Any CPU
		{A04BDB59-58E5-49E5-9C77-1B8853588B4B}.Debug|Any CPU.Build.0 = Debug|Any CPU
		{A04BDB59-58E5-49E5-9C77-1B8853588B4B}.Release|Any CPU.ActiveCfg = Release|Any CPU
		{A04BDB59-58E5-49E5-9C77-1B8853588B4B}.Release|Any CPU.Build.0 = Release|Any CPU
	EndGlobalSection
	GlobalSection(SolutionProperties) = preSolution
		HideSolutionNode = FALSE
	EndGlobalSection
	GlobalSection(ExtensibilityGlobals) = postSolution
		SolutionGuid = {2D49C70A-355B-4171-9583-EA2C6CF9FA0E}
	EndGlobalSection
	GlobalSection(NestedProjects) = preSolution
	EndGlobalSection
EndGlobal
